
Microsoft Visual Studio Solution File, Format Version 12.00
# Visual Studio Version 16
VisualStudioVersion = 16.0.33328.57
MinimumVisualStudioVersion = 10.0.40219.1
Project("{FAE04EC0-301F-11D3-BF4B-00C04F79EFBC}") = "to-do-it", "to-do-it\to-do-it.csproj", "{46F2F7EE-EAEE-47B1-9719-9AA176741A11}"
EndProject
Global
	GlobalSection(SolutionConfigurationPlatforms) = preSolution
		Debug|Any CPU = Debug|Any CPU
		Release|Any CPU = Release|Any CPU
	EndGlobalSection
	GlobalSection(ProjectConfigurationPlatforms) = postSolution
		{46F2F7EE-EAEE-47B1-9719-9AA176741A11}.Debug|Any CPU.ActiveCfg = Debug|Any CPU
		{46F2F7EE-EAEE-47B1-9719-9AA176741A11}.Debug|Any CPU.Build.0 = Debug|Any CPU
		{46F2F7EE-EAEE-47B1-9719-9AA176741A11}.Release|Any CPU.ActiveCfg = Release|Any CPU
		{46F2F7EE-EAEE-47B1-9719-9AA176741A11}.Release|Any CPU.Build.0 = Release|Any CPU
	EndGlobalSection
	GlobalSection(SolutionProperties) = preSolution
		HideSolutionNode = FALSE
	EndGlobalSection
	GlobalSection(ExtensibilityGlobals) = postSolution
		SolutionGuid = {DBEE6B09-69A8-487F-9FA7-F223CA0A9ADC}
	EndGlobalSection
EndGlobal
